
Microsoft Visual Studio Solution File, Format Version 12.00
# Visual Studio Version 17
VisualStudioVersion = 17.5.33530.505
MinimumVisualStudioVersion = 10.0.40219.1
Project("{9A19103F-16F7-4668-BE54-9A1E7A4F7556}") = "PokeTournament", "PokeTournament.csproj", "{45AEE97A-73AF-41FF-A98A-B6620B8E98B3}"
EndProject
Global
	GlobalSection(SolutionConfigurationPlatforms) = preSolution
		Debug|Any CPU = Debug|Any CPU
		Release|Any CPU = Release|Any CPU
	EndGlobalSection
	GlobalSection(ProjectConfigurationPlatforms) = postSolution
		{45AEE97A-73AF-41FF-A98A-B6620B8E98B3}.Debug|Any CPU.ActiveCfg = Debug|Any CPU
		{45AEE97A-73AF-41FF-A98A-B6620B8E98B3}.Debug|Any CPU.Build.0 = Debug|Any CPU
		{45AEE97A-73AF-41FF-A98A-B6620B8E98B3}.Release|Any CPU.ActiveCfg = Release|Any CPU
		{45AEE97A-73AF-41FF-A98A-B6620B8E98B3}.Release|Any CPU.Build.0 = Release|Any CPU
	EndGlobalSection
	GlobalSection(SolutionProperties) = preSolution
		HideSolutionNode = FALSE
	EndGlobalSection
	GlobalSection(ExtensibilityGlobals) = postSolution
		SolutionGuid = {83D50979-4C01-4EEE-8E3F-47E7791583BF}
	EndGlobalSection
EndGlobal
